
Microsoft Visual Studio Solution File, Format Version 12.00
# Visual Studio Version 17
VisualStudioVersion = 17.4.33122.133
MinimumVisualStudioVersion = 10.0.40219.1
Project("{FAE04EC0-301F-11D3-BF4B-00C04F79EFBC}") = "Homework 11.12.2022", "Homework 11.12.2022\Homework 11.12.2022.csproj", "{FD2FA3F7-8F80-4BA2-8122-A1FD5B0D5BFC}"
EndProject
Global
	GlobalSection(SolutionConfigurationPlatforms) = preSolution
		Debug|Any CPU = Debug|Any CPU
		Release|Any CPU = Release|Any CPU
	EndGlobalSection
	GlobalSection(ProjectConfigurationPlatforms) = postSolution
		{FD2FA3F7-8F80-4BA2-8122-A1FD5B0D5BFC}.Debug|Any CPU.ActiveCfg = Debug|Any CPU
		{FD2FA3F7-8F80-4BA2-8122-A1FD5B0D5BFC}.Debug|Any CPU.Build.0 = Debug|Any CPU
		{FD2FA3F7-8F80-4BA2-8122-A1FD5B0D5BFC}.Release|Any CPU.ActiveCfg = Release|Any CPU
		{FD2FA3F7-8F80-4BA2-8122-A1FD5B0D5BFC}.Release|Any CPU.Build.0 = Release|Any CPU
	EndGlobalSection
	GlobalSection(SolutionProperties) = preSolution
		HideSolutionNode = FALSE
	EndGlobalSection
	GlobalSection(ExtensibilityGlobals) = postSolution
		SolutionGuid = {64CEB727-E0DF-4740-AE3B-56B8A05EA33F}
	EndGlobalSection
EndGlobal
